<?xml version="1.0" encoding="utf-8"?>
<Project ToolsVersion="4.0" xmlns="http://schemas.microsoft.com/developer/msbuild/2003">
  <ItemGroup>
    <Filter Include="Source Files">
      <UniqueIdentifier>{4FC737F1-C7A5-4376-A066-2A32D752A2FF}</UniqueIdentifier>
      <Extensions>cpp;c;cc;cxx;def;odl;idl;hpj;bat;asm;asmx</Extensions>
    </Filter>
    <Filter Include="Header Files">
      <UniqueIdentifier>{93995380-89BD-4b04-88EB-625FBE52EBFB}</UniqueIdentifier>
      <Extensions>h;hh;hpp;hxx;hm;inl;inc;xsd</Extensions>
    </Filter>
    <Filter Include="Resource Files">
      <UniqueIdentifier>{67DA6AB6-F800-4c08-8B7A-83BB121AAD01}</UniqueIdentifier>
      <Extensions>rc;ico;cur;bmp;dlg;rc2;rct;bin;rgs;gif;jpg;jpeg;jpe;resx;tiff;tif;png;wav;mfcribbon-ms</Extensions>
    </Filter>
  </ItemGroup>
  <ItemGroup>
    <ClCompile Include="..\..\src\astar.cpp">
      <Filter>Source Files</Filter>
    </ClCompile>
    <ClCompile Include="..\..\src\Battle.cpp">
      <Filter>Source Files</Filter>
    </ClCompile>
    <ClCompile Include="..\..\src\Clock.cpp">
      <Filter>Source Files</Filter>
    </ClCompile>
    <ClCompile Include="..\..\src\Data.cpp">
      <Filter>Source Files</Filter>
    </ClCompile>
    <ClCompile Include="..\..\src\Dialog.cpp">
      <Filter>Source Files</Filter>
    </ClCompile>
    <ClCompile Include="..\..\src\Entities.cpp">
      <Filter>Source Files</Filter>
    </ClCompile>
    <ClCompile Include="..\..\src\EntityPool.cpp">
      <Filter>Source Files</Filter>
    </ClCompile>
    <ClCompile Include="..\..\src\Graphics.cpp">
      <Filter>Source Files</Filter>
    </ClCompile>
    <ClCompile Include="..\..\src\Index.cpp">
      <Filter>Source Files</Filter>
    </ClCompile>
    <ClCompile Include="..\..\src\Input.cpp">
      <Filter>Source Files</Filter>
    </ClCompile>
    <ClCompile Include="..\..\src\Items.cpp">
      <Filter>Source Files</Filter>
    </ClCompile>
    <ClCompile Include="..\..\src\Logic.cpp">
      <Filter>Source Files</Filter>
    </ClCompile>
    <ClCompile Include="..\..\src\main.cpp">
      <Filter>Source Files</Filter>
    </ClCompile>
    <ClCompile Include="..\..\src\Map.cpp">
      <Filter>Source Files</Filter>
    </ClCompile>
    <ClCompile Include="..\..\src\Menu.cpp">
      <Filter>Source Files</Filter>
    </ClCompile>
    <ClCompile Include="..\..\src\Message.cpp">
      <Filter>Source Files</Filter>
    </ClCompile>
    <ClCompile Include="..\..\src\OrderedPool.cpp">
      <Filter>Source Files</Filter>
    </ClCompile>
    <ClCompile Include="..\..\src\Resources.cpp">
      <Filter>Source Files</Filter>
    </ClCompile>
    <ClCompile Include="..\..\src\Scripting.cpp">
      <Filter>Source Files</Filter>
    </ClCompile>
    <ClCompile Include="..\..\src\ScriptingLibraries.cpp">
      <Filter>Source Files</Filter>
    </ClCompile>
    <ClCompile Include="..\..\src\Sequence.cpp">
      <Filter>Source Files</Filter>
    </ClCompile>
    <ClCompile Include="..\..\src\State.cpp">
      <Filter>Source Files</Filter>
    </ClCompile>
    <ClCompile Include="..\..\src\Status.cpp">
      <Filter>Source Files</Filter>
    </ClCompile>
    <ClCompile Include="..\..\src\Threading.cpp">
      <Filter>Source Files</Filter>
    </ClCompile>
    <ClCompile Include="..\..\src\Tile.cpp">
      <Filter>Source Files</Filter>
    </ClCompile>
    <ClCompile Include="..\..\src\Unit.cpp">
      <Filter>Source Files</Filter>
    </ClCompile>
    <ClCompile Include="..\..\src\Engine.cpp">
      <Filter>Source Files</Filter>
    </ClCompile>
    <ClCompile Include="..\..\src\Config.cpp">
      <Filter>Source Files</Filter>
    </ClCompile>
  </ItemGroup>
  <ItemGroup>
    <ClInclude Include="..\..\src\astar.h">
      <Filter>Header Files</Filter>
    </ClInclude>
    <ClInclude Include="..\..\src\Battle.h">
      <Filter>Header Files</Filter>
    </ClInclude>
    <ClInclude Include="..\..\src\Chapter.h">
      <Filter>Header Files</Filter>
    </ClInclude>
    <ClInclude Include="..\..\src\Clock.h">
      <Filter>Header Files</Filter>
    </ClInclude>
    <ClInclude Include="..\..\src\ContextItems.h">
      <Filter>Header Files</Filter>
    </ClInclude>
    <ClInclude Include="..\..\src\Data.h">
      <Filter>Header Files</Filter>
    </ClInclude>
    <ClInclude Include="..\..\src\Dialog.h">
      <Filter>Header Files</Filter>
    </ClInclude>
    <ClInclude Include="..\..\src\Entities.h">
      <Filter>Header Files</Filter>
    </ClInclude>
    <ClInclude Include="..\..\src\EntityPool.h">
      <Filter>Header Files</Filter>
    </ClInclude>
    <ClInclude Include="..\..\src\Events.h">
      <Filter>Header Files</Filter>
    </ClInclude>
    <ClInclude Include="..\..\src\Game.h">
      <Filter>Header Files</Filter>
    </ClInclude>
    <ClInclude Include="..\..\src\GameRules.h">
      <Filter>Header Files</Filter>
    </ClInclude>
    <ClInclude Include="..\..\src\Graphics.h">
      <Filter>Header Files</Filter>
    </ClInclude>
    <ClInclude Include="..\..\src\Index.h">
      <Filter>Header Files</Filter>
    </ClInclude>
    <ClInclude Include="..\..\src\Input.h">
      <Filter>Header Files</Filter>
    </ClInclude>
    <ClInclude Include="..\..\src\Items.h">
      <Filter>Header Files</Filter>
    </ClInclude>
    <ClInclude Include="..\..\src\Janitor.h">
      <Filter>Header Files</Filter>
    </ClInclude>
    <ClInclude Include="..\..\src\Logic.h">
      <Filter>Header Files</Filter>
    </ClInclude>
    <ClInclude Include="..\..\src\Map.h">
      <Filter>Header Files</Filter>
    </ClInclude>
    <ClInclude Include="..\..\src\Menu.h">
      <Filter>Header Files</Filter>
    </ClInclude>
    <ClInclude Include="..\..\src\Message.h">
      <Filter>Header Files</Filter>
    </ClInclude>
    <ClInclude Include="..\..\src\OrderedPool.h">
      <Filter>Header Files</Filter>
    </ClInclude>
    <ClInclude Include="..\..\src\Resources.h">
      <Filter>Header Files</Filter>
    </ClInclude>
    <ClInclude Include="..\..\src\Scripting.h">
      <Filter>Header Files</Filter>
    </ClInclude>
    <ClInclude Include="..\..\src\ScriptingLibraries.h">
      <Filter>Header Files</Filter>
    </ClInclude>
    <ClInclude Include="..\..\src\SDL_image.h">
      <Filter>Header Files</Filter>
    </ClInclude>
    <ClInclude Include="..\..\src\Sequence.h">
      <Filter>Header Files</Filter>
    </ClInclude>
    <ClInclude Include="..\..\src\State.h">
      <Filter>Header Files</Filter>
    </ClInclude>
    <ClInclude Include="..\..\src\Status.h">
      <Filter>Header Files</Filter>
    </ClInclude>
    <ClInclude Include="..\..\src\Submenu.h">
      <Filter>Header Files</Filter>
    </ClInclude>
    <ClInclude Include="..\..\src\Threading.h">
      <Filter>Header Files</Filter>
    </ClInclude>
    <ClInclude Include="..\..\src\Tile.h">
      <Filter>Header Files</Filter>
    </ClInclude>
    <ClInclude Include="..\..\src\Trigger.h">
      <Filter>Header Files</Filter>
    </ClInclude>
    <ClInclude Include="..\..\src\Unit.h">
      <Filter>Header Files</Filter>
    </ClInclude>
    <ClInclude Include="..\..\src\Engine.h">
      <Filter>Header Files</Filter>
    </ClInclude>
    <ClInclude Include="..\..\src\Config.h">
      <Filter>Header Files</Filter>
    </ClInclude>
  </ItemGroup>
  <ItemGroup>
    <Text Include="..\..\script\anti_press.txt">
      <Filter>Resource Files</Filter>
    </Text>
    <Text Include="..\..\script\anti_press_sub.txt">
      <Filter>Resource Files</Filter>
    </Text>
    <Text Include="..\..\script\Attack_Mode.txt">
      <Filter>Resource Files</Filter>
    </Text>
    <Text Include="..\..\script\attack_select.txt">
      <Filter>Resource Files</Filter>
    </Text>
    <Text Include="..\..\script\battle_item_select.txt">
      <Filter>Resource Files</Filter>
    </Text>
    <Text Include="..\..\script\build.txt">
      <Filter>Resource Files</Filter>
    </Text>
    <Text Include="..\..\script\build_log.txt">
      <Filter>Resource Files</Filter>
    </Text>
    <Text Include="..\..\script\burningsymbol.txt">
      <Filter>Resource Files</Filter>
    </Text>
    <Text Include="..\..\script\context_menu.txt">
      <Filter>Resource Files</Filter>
    </Text>
    <Text Include="..\..\script\context_system.txt">
      <Filter>Resource Files</Filter>
    </Text>
    <Text Include="..\..\script\deselect.txt">
      <Filter>Resource Files</Filter>
    </Text>
    <Text Include="..\..\script\ENT_STD.txt">
      <Filter>Resource Files</Filter>
    </Text>
    <Text Include="..\..\script\error.txt">
      <Filter>Resource Files</Filter>
    </Text>
    <Text Include="..\..\script\exit_menu.txt">
      <Filter>Resource Files</Filter>
    </Text>
    <Text Include="..\..\script\exit_program.txt">
      <Filter>Resource Files</Filter>
    </Text>
    <Text Include="..\..\script\font.txt">
      <Filter>Resource Files</Filter>
    </Text>
    <Text Include="..\..\script\Gaius_Death.txt">
      <Filter>Resource Files</Filter>
    </Text>
    <Text Include="..\..\script\Gaius_Invoke.txt">
      <Filter>Resource Files</Filter>
    </Text>
    <Text Include="..\..\script\Gaius_Level.txt">
      <Filter>Resource Files</Filter>
    </Text>
    <Text Include="..\..\script\Gaius_Load.txt">
      <Filter>Resource Files</Filter>
    </Text>
    <Text Include="..\..\script\game_end.txt">
      <Filter>Resource Files</Filter>
    </Text>
    <Text Include="..\..\script\game_idle.txt">
      <Filter>Resource Files</Filter>
    </Text>
    <Text Include="..\..\script\game_start.txt">
      <Filter>Resource Files</Filter>
    </Text>
    <Text Include="..\..\script\game_start_2.txt">
      <Filter>Resource Files</Filter>
    </Text>
    <Text Include="..\..\script\invoke.txt">
      <Filter>Resource Files</Filter>
    </Text>
    <Text Include="..\..\script\item_db.txt">
      <Filter>Resource Files</Filter>
    </Text>
    <Text Include="..\..\script\item_menu.txt">
      <Filter>Resource Files</Filter>
    </Text>
    <Text Include="..\..\script\loadmap1_press.txt">
      <Filter>Resource Files</Filter>
    </Text>
    <Text Include="..\..\script\loadunit.txt">
      <Filter>Resource Files</Filter>
    </Text>
    <Text Include="..\..\script\map_idle.txt">
      <Filter>Resource Files</Filter>
    </Text>
    <Text Include="..\..\script\map_init.txt">
      <Filter>Resource Files</Filter>
    </Text>
    <Text Include="..\..\script\menutest1.txt">
      <Filter>Resource Files</Filter>
    </Text>
    <Text Include="..\..\script\menutest1_1.txt">
      <Filter>Resource Files</Filter>
    </Text>
    <Text Include="..\..\script\open_map.txt">
      <Filter>Resource Files</Filter>
    </Text>
    <Text Include="..\..\script\press.txt">
      <Filter>Resource Files</Filter>
    </Text>
    <Text Include="..\..\script\README.txt">
      <Filter>Resource Files</Filter>
    </Text>
    <Text Include="..\..\script\select.txt">
      <Filter>Resource Files</Filter>
    </Text>
    <Text Include="..\..\script\select_map_pos.txt">
      <Filter>Resource Files</Filter>
    </Text>
    <Text Include="..\..\script\serialentities.txt">
      <Filter>Resource Files</Filter>
    </Text>
    <Text Include="..\..\script\show_image.txt">
      <Filter>Resource Files</Filter>
    </Text>
    <Text Include="..\..\script\start_battle.txt">
      <Filter>Resource Files</Filter>
    </Text>
    <Text Include="..\..\script\start_move.txt">
      <Filter>Resource Files</Filter>
    </Text>
    <Text Include="..\..\script\sts_tileset.txt">
      <Filter>Resource Files</Filter>
    </Text>
    <Text Include="..\..\script\stsmap.txt">
      <Filter>Resource Files</Filter>
    </Text>
    <Text Include="..\..\script\submenu.txt">
      <Filter>Resource Files</Filter>
    </Text>
    <Text Include="..\..\script\tiles.txt">
      <Filter>Resource Files</Filter>
    </Text>
    <Text Include="..\..\script\tiles2.txt">
      <Filter>Resource Files</Filter>
    </Text>
    <Text Include="..\..\script\tileset.txt">
      <Filter>Resource Files</Filter>
    </Text>
    <Text Include="..\..\script\unit_add_test.txt">
      <Filter>Resource Files</Filter>
    </Text>
    <Text Include="..\..\script\unit_context_menu.txt">
      <Filter>Resource Files</Filter>
    </Text>
    <Text Include="..\..\script\unit_context_system.txt">
      <Filter>Resource Files</Filter>
    </Text>
    <Text Include="..\..\script\unitcontext.txt">
      <Filter>Resource Files</Filter>
    </Text>
    <Text Include="..\..\script\ut.txt">
      <Filter>Resource Files</Filter>
    </Text>
  </ItemGroup>
  <ItemGroup>
    <None Include="..\..\script\error.lua">
      <Filter>Resource Files</Filter>
    </None>
  </ItemGroup>
</Project>